
Microsoft Visual Studio Solution File, Format Version 12.00
# Visual Studio Version 16
VisualStudioVersion = 16.0.31424.327
MinimumVisualStudioVersion = 10.0.40219.1
Project("{FAE04EC0-301F-11D3-BF4B-00C04F79EFBC}") = "DirectoryCompare", "DirectoryCompare\DirectoryCompare.csproj", "{C497A0C8-9314-4DA2-B95F-8D2931141049}"
EndProject
Global
	GlobalSection(SolutionConfigurationPlatforms) = preSolution
		Debug|Any CPU = Debug|Any CPU
		Release|Any CPU = Release|Any CPU
	EndGlobalSection
	GlobalSection(ProjectConfigurationPlatforms) = postSolution
		{C497A0C8-9314-4DA2-B95F-8D2931141049}.Debug|Any CPU.ActiveCfg = Debug|Any CPU
		{C497A0C8-9314-4DA2-B95F-8D2931141049}.Debug|Any CPU.Build.0 = Debug|Any CPU
		{C497A0C8-9314-4DA2-B95F-8D2931141049}.Release|Any CPU.ActiveCfg = Release|Any CPU
		{C497A0C8-9314-4DA2-B95F-8D2931141049}.Release|Any CPU.Build.0 = Release|Any CPU
	EndGlobalSection
	GlobalSection(SolutionProperties) = preSolution
		HideSolutionNode = FALSE
	EndGlobalSection
	GlobalSection(ExtensibilityGlobals) = postSolution
		SolutionGuid = {384D6037-CC68-4C7C-A27F-217F45AB1979}
	EndGlobalSection
EndGlobal
